
Microsoft Visual Studio Solution File, Format Version 12.00
# Visual Studio 15
Project("{FAE04EC0-301F-11D3-BF4B-00C04F79EFBC}") = "Assembly-CSharp", "Assembly-CSharp.csproj", "{AAB02C41-6ABF-7FCE-92A9-63ACD2527488}"
EndProject
Global
	GlobalSection(SolutionConfigurationPlatforms) = preSolution
		Debug|Any CPU = Debug|Any CPU
		Release|Any CPU = Release|Any CPU
	EndGlobalSection
	GlobalSection(ProjectConfigurationPlatforms) = postSolution
		{AAB02C41-6ABF-7FCE-92A9-63ACD2527488}.Debug|Any CPU.ActiveCfg = Debug|Any CPU
		{AAB02C41-6ABF-7FCE-92A9-63ACD2527488}.Debug|Any CPU.Build.0 = Debug|Any CPU
		{AAB02C41-6ABF-7FCE-92A9-63ACD2527488}.Release|Any CPU.ActiveCfg = Release|Any CPU
		{AAB02C41-6ABF-7FCE-92A9-63ACD2527488}.Release|Any CPU.Build.0 = Release|Any CPU
	EndGlobalSection
	GlobalSection(SolutionProperties) = preSolution
		HideSolutionNode = FALSE
	EndGlobalSection
EndGlobal
